
Microsoft Visual Studio Solution File, Format Version 12.00
# Visual Studio Version 17
VisualStudioVersion = 17.12.35707.178 d17.12
MinimumVisualStudioVersion = 10.0.40219.1
Project("{FAE04EC0-301F-11D3-BF4B-00C04F79EFBC}") = "FinanceHub.UserInterface", "FinanceHub.UserInterface\FinanceHub.UserInterface.csproj", "{DF689CE5-BE09-4FD7-B866-A3B69390ACC5}"
EndProject
Project("{FAE04EC0-301F-11D3-BF4B-00C04F79EFBC}") = "FinanceHub.DataAccess", "FinanceHub.DataAccess\FinanceHub.DataAccess.csproj", "{7B16A356-CF3C-4351-BD2E-EB91F4BCDB0E}"
EndProject
Project("{FAE04EC0-301F-11D3-BF4B-00C04F79EFBC}") = "FinanceHub.Entity", "FinanceHub.Entity\FinanceHub.Entity.csproj", "{D4396E92-6569-4ABC-A1F7-4B42FA70622F}"
EndProject
Global
	GlobalSection(SolutionConfigurationPlatforms) = preSolution
		Debug|Any CPU = Debug|Any CPU
		Release|Any CPU = Release|Any CPU
	EndGlobalSection
	GlobalSection(ProjectConfigurationPlatforms) = postSolution
		{DF689CE5-BE09-4FD7-B866-A3B69390ACC5}.Debug|Any CPU.ActiveCfg = Debug|Any CPU
		{DF689CE5-BE09-4FD7-B866-A3B69390ACC5}.Debug|Any CPU.Build.0 = Debug|Any CPU
		{DF689CE5-BE09-4FD7-B866-A3B69390ACC5}.Release|Any CPU.ActiveCfg = Release|Any CPU
		{DF689CE5-BE09-4FD7-B866-A3B69390ACC5}.Release|Any CPU.Build.0 = Release|Any CPU
		{7B16A356-CF3C-4351-BD2E-EB91F4BCDB0E}.Debug|Any CPU.ActiveCfg = Debug|Any CPU
		{7B16A356-CF3C-4351-BD2E-EB91F4BCDB0E}.Debug|Any CPU.Build.0 = Debug|Any CPU
		{7B16A356-CF3C-4351-BD2E-EB91F4BCDB0E}.Release|Any CPU.ActiveCfg = Release|Any CPU
		{7B16A356-CF3C-4351-BD2E-EB91F4BCDB0E}.Release|Any CPU.Build.0 = Release|Any CPU
		{D4396E92-6569-4ABC-A1F7-4B42FA70622F}.Debug|Any CPU.ActiveCfg = Debug|Any CPU
		{D4396E92-6569-4ABC-A1F7-4B42FA70622F}.Debug|Any CPU.Build.0 = Debug|Any CPU
		{D4396E92-6569-4ABC-A1F7-4B42FA70622F}.Release|Any CPU.ActiveCfg = Release|Any CPU
		{D4396E92-6569-4ABC-A1F7-4B42FA70622F}.Release|Any CPU.Build.0 = Release|Any CPU
	EndGlobalSection
	GlobalSection(SolutionProperties) = preSolution
		HideSolutionNode = FALSE
	EndGlobalSection
EndGlobal
